
Microsoft Visual Studio Solution File, Format Version 12.00
# Visual Studio 15
VisualStudioVersion = 15.0.26430.14
MinimumVisualStudioVersion = 10.0.40219.1
Project("{9A19103F-16F7-4668-BE54-9A1E7A4F7556}") = "CoreLogic", "CoreLogic\CoreLogic.csproj", "{7E5877A1-A77D-4C6D-AB2D-D155D9EF4471}"
EndProject
Project("{9A19103F-16F7-4668-BE54-9A1E7A4F7556}") = "CoreFacade", "CoreFacade\CoreFacade.csproj", "{EDDA0F69-4E3D-4987-9310-853E54D02154}"
EndProject
Project("{9A19103F-16F7-4668-BE54-9A1E7A4F7556}") = "CoreRepository", "CoreRepository\CoreRepository.csproj", "{27B3F98D-923D-44AC-A035-65F3EAFC3257}"
EndProject
Project("{9A19103F-16F7-4668-BE54-9A1E7A4F7556}") = "CoreContext", "CoreContext\CoreContext.csproj", "{9127DD52-6349-4586-A0F4-145B79E2D930}"
EndProject
Project("{9A19103F-16F7-4668-BE54-9A1E7A4F7556}") = "CoreAPI", "CoreAPI\CoreAPI.csproj", "{AA37DCD8-CEC8-4BF9-AD1A-99D90DB56B3F}"
EndProject
Project("{9A19103F-16F7-4668-BE54-9A1E7A4F7556}") = "CoreConcerns", "CoreConcerns\CoreConcerns.csproj", "{AB3FD9DC-9BD8-4B93-9D0F-FFA1B34ABA65}"
EndProject
Project("{2150E333-8FDC-42A3-9474-1A3956D46DE8}") = "tests", "tests", "{B96181FD-7AE3-4C31-8BB6-656A9FE5C120}"
EndProject
Project("{9A19103F-16F7-4668-BE54-9A1E7A4F7556}") = "CoreLogicTests", "CoreLogicTests\CoreLogicTests.csproj", "{6ED2C809-7662-4C3A-884D-9341AB063E04}"
EndProject
Project("{9A19103F-16F7-4668-BE54-9A1E7A4F7556}") = "CoreRepositoryTests", "CoreRepositoryTests\CoreRepositoryTests.csproj", "{F5CFDE71-FED8-40EA-8234-D365CC9C5784}"
EndProject
Project("{9A19103F-16F7-4668-BE54-9A1E7A4F7556}") = "CoreTestCommon", "CoreTestCommon\CoreTestCommon.csproj", "{B8DF9028-8674-4A11-B7B8-74BD5E9C1533}"
EndProject
Global
	GlobalSection(SolutionConfigurationPlatforms) = preSolution
		Debug|Any CPU = Debug|Any CPU
		Release|Any CPU = Release|Any CPU
	EndGlobalSection
	GlobalSection(ProjectConfigurationPlatforms) = postSolution
		{7E5877A1-A77D-4C6D-AB2D-D155D9EF4471}.Debug|Any CPU.ActiveCfg = Debug|Any CPU
		{7E5877A1-A77D-4C6D-AB2D-D155D9EF4471}.Debug|Any CPU.Build.0 = Debug|Any CPU
		{7E5877A1-A77D-4C6D-AB2D-D155D9EF4471}.Release|Any CPU.ActiveCfg = Release|Any CPU
		{7E5877A1-A77D-4C6D-AB2D-D155D9EF4471}.Release|Any CPU.Build.0 = Release|Any CPU
		{EDDA0F69-4E3D-4987-9310-853E54D02154}.Debug|Any CPU.ActiveCfg = Debug|Any CPU
		{EDDA0F69-4E3D-4987-9310-853E54D02154}.Debug|Any CPU.Build.0 = Debug|Any CPU
		{EDDA0F69-4E3D-4987-9310-853E54D02154}.Release|Any CPU.ActiveCfg = Release|Any CPU
		{EDDA0F69-4E3D-4987-9310-853E54D02154}.Release|Any CPU.Build.0 = Release|Any CPU
		{27B3F98D-923D-44AC-A035-65F3EAFC3257}.Debug|Any CPU.ActiveCfg = Debug|Any CPU
		{27B3F98D-923D-44AC-A035-65F3EAFC3257}.Debug|Any CPU.Build.0 = Debug|Any CPU
		{27B3F98D-923D-44AC-A035-65F3EAFC3257}.Release|Any CPU.ActiveCfg = Release|Any CPU
		{27B3F98D-923D-44AC-A035-65F3EAFC3257}.Release|Any CPU.Build.0 = Release|Any CPU
		{9127DD52-6349-4586-A0F4-145B79E2D930}.Debug|Any CPU.ActiveCfg = Debug|Any CPU
		{9127DD52-6349-4586-A0F4-145B79E2D930}.Debug|Any CPU.Build.0 = Debug|Any CPU
		{9127DD52-6349-4586-A0F4-145B79E2D930}.Release|Any CPU.ActiveCfg = Release|Any CPU
		{9127DD52-6349-4586-A0F4-145B79E2D930}.Release|Any CPU.Build.0 = Release|Any CPU
		{AA37DCD8-CEC8-4BF9-AD1A-99D90DB56B3F}.Debug|Any CPU.ActiveCfg = Debug|Any CPU
		{AA37DCD8-CEC8-4BF9-AD1A-99D90DB56B3F}.Debug|Any CPU.Build.0 = Debug|Any CPU
		{AA37DCD8-CEC8-4BF9-AD1A-99D90DB56B3F}.Release|Any CPU.ActiveCfg = Release|Any CPU
		{AA37DCD8-CEC8-4BF9-AD1A-99D90DB56B3F}.Release|Any CPU.Build.0 = Release|Any CPU
		{AB3FD9DC-9BD8-4B93-9D0F-FFA1B34ABA65}.Debug|Any CPU.ActiveCfg = Debug|Any CPU
		{AB3FD9DC-9BD8-4B93-9D0F-FFA1B34ABA65}.Debug|Any CPU.Build.0 = Debug|Any CPU
		{AB3FD9DC-9BD8-4B93-9D0F-FFA1B34ABA65}.Release|Any CPU.ActiveCfg = Release|Any CPU
		{AB3FD9DC-9BD8-4B93-9D0F-FFA1B34ABA65}.Release|Any CPU.Build.0 = Release|Any CPU
		{6ED2C809-7662-4C3A-884D-9341AB063E04}.Debug|Any CPU.ActiveCfg = Debug|Any CPU
		{6ED2C809-7662-4C3A-884D-9341AB063E04}.Debug|Any CPU.Build.0 = Debug|Any CPU
		{6ED2C809-7662-4C3A-884D-9341AB063E04}.Release|Any CPU.ActiveCfg = Release|Any CPU
		{6ED2C809-7662-4C3A-884D-9341AB063E04}.Release|Any CPU.Build.0 = Release|Any CPU
		{F5CFDE71-FED8-40EA-8234-D365CC9C5784}.Debug|Any CPU.ActiveCfg = Debug|Any CPU
		{F5CFDE71-FED8-40EA-8234-D365CC9C5784}.Debug|Any CPU.Build.0 = Debug|Any CPU
		{F5CFDE71-FED8-40EA-8234-D365CC9C5784}.Release|Any CPU.ActiveCfg = Release|Any CPU
		{F5CFDE71-FED8-40EA-8234-D365CC9C5784}.Release|Any CPU.Build.0 = Release|Any CPU
		{B8DF9028-8674-4A11-B7B8-74BD5E9C1533}.Debug|Any CPU.ActiveCfg = Debug|Any CPU
		{B8DF9028-8674-4A11-B7B8-74BD5E9C1533}.Debug|Any CPU.Build.0 = Debug|Any CPU
		{B8DF9028-8674-4A11-B7B8-74BD5E9C1533}.Release|Any CPU.ActiveCfg = Release|Any CPU
		{B8DF9028-8674-4A11-B7B8-74BD5E9C1533}.Release|Any CPU.Build.0 = Release|Any CPU
	EndGlobalSection
	GlobalSection(SolutionProperties) = preSolution
		HideSolutionNode = FALSE
	EndGlobalSection
	GlobalSection(NestedProjects) = preSolution
		{6ED2C809-7662-4C3A-884D-9341AB063E04} = {B96181FD-7AE3-4C31-8BB6-656A9FE5C120}
		{F5CFDE71-FED8-40EA-8234-D365CC9C5784} = {B96181FD-7AE3-4C31-8BB6-656A9FE5C120}
		{B8DF9028-8674-4A11-B7B8-74BD5E9C1533} = {B96181FD-7AE3-4C31-8BB6-656A9FE5C120}
	EndGlobalSection
EndGlobal
